
Microsoft Visual Studio Solution File, Format Version 12.00
# Visual Studio Version 17
VisualStudioVersion = 17.1.32407.343
MinimumVisualStudioVersion = 10.0.40219.1
Project("{FAE04EC0-301F-11D3-BF4B-00C04F79EFBC}") = "Lab-OOP-A", "Lab-OOP-A\Lab-OOP-A.csproj", "{8531FD84-B8CC-452C-981F-5F622DDF8F94}"
EndProject
Global
	GlobalSection(SolutionConfigurationPlatforms) = preSolution
		Debug|Any CPU = Debug|Any CPU
		Release|Any CPU = Release|Any CPU
	EndGlobalSection
	GlobalSection(ProjectConfigurationPlatforms) = postSolution
		{8531FD84-B8CC-452C-981F-5F622DDF8F94}.Debug|Any CPU.ActiveCfg = Debug|Any CPU
		{8531FD84-B8CC-452C-981F-5F622DDF8F94}.Debug|Any CPU.Build.0 = Debug|Any CPU
		{8531FD84-B8CC-452C-981F-5F622DDF8F94}.Release|Any CPU.ActiveCfg = Release|Any CPU
		{8531FD84-B8CC-452C-981F-5F622DDF8F94}.Release|Any CPU.Build.0 = Release|Any CPU
	EndGlobalSection
	GlobalSection(SolutionProperties) = preSolution
		HideSolutionNode = FALSE
	EndGlobalSection
	GlobalSection(ExtensibilityGlobals) = postSolution
		SolutionGuid = {B7F12257-5C3D-44D9-936A-93B9054D13D9}
	EndGlobalSection
EndGlobal
